// !$*UTF8*$!
{
	archiveVersion = 1;
	classes = {
	};
	objectVersion = 46;
	objects = {

/* Begin PBXBuildFile section */
		E216578F1C2E736D006DFDAF /* bus.c in Sources */ = {isa = PBXBuildFile; fileRef = E216578E1C2E736D006DFDAF /* bus.c */; settings = {ASSET_TAGS = (); }; };
		E21657931C2E88C8006DFDAF /* common.c in Sources */ = {isa = PBXBuildFile; fileRef = E21657921C2E88C8006DFDAF /* common.c */; settings = {ASSET_TAGS = (); }; };
		E218BFAB1C2FFE510091C5F8 /* chuoi_doi_xung.c in Sources */ = {isa = PBXBuildFile; fileRef = E218BFAA1C2FFE510091C5F8 /* chuoi_doi_xung.c */; settings = {ASSET_TAGS = (); }; };
		E22038431C1F08BB00F720F7 /* vidu1.c in Sources */ = {isa = PBXBuildFile; fileRef = E22038421C1F08BB00F720F7 /* vidu1.c */; settings = {ASSET_TAGS = (); }; };
		E22038451C1F08CC00F720F7 /* vidu2.c in Sources */ = {isa = PBXBuildFile; fileRef = E22038441C1F08CC00F720F7 /* vidu2.c */; settings = {ASSET_TAGS = (); }; };
		E233D2001C2DA28700E53D28 /* tree.c in Sources */ = {isa = PBXBuildFile; fileRef = E233D1FE1C2DA28700E53D28 /* tree.c */; settings = {ASSET_TAGS = (); }; };
		E233D2021C2DAA5C00E53D28 /* tree_example.c in Sources */ = {isa = PBXBuildFile; fileRef = E233D2011C2DAA5C00E53D28 /* tree_example.c */; settings = {ASSET_TAGS = (); }; };
		E233D2081C2DB55100E53D28 /* file.c in Sources */ = {isa = PBXBuildFile; fileRef = E233D2061C2DB55100E53D28 /* file.c */; settings = {ASSET_TAGS = (); }; };
		E233D20A1C2DBFC400E53D28 /* file_example.c in Sources */ = {isa = PBXBuildFile; fileRef = E233D2091C2DBFC400E53D28 /* file_example.c */; settings = {ASSET_TAGS = (); }; };
		E965C2E11C152EBE00BED2A9 /* 2-demensional-array.c in Sources */ = {isa = PBXBuildFile; fileRef = E965C2E01C152EBE00BED2A9 /* 2-demensional-array.c */; };
		E965C2E31C1556A100BED2A9 /* n-demensional-array.c in Sources */ = {isa = PBXBuildFile; fileRef = E965C2E21C1556A100BED2A9 /* n-demensional-array.c */; };
		E965C2E81C15720B00BED2A9 /* file_1.c in Sources */ = {isa = PBXBuildFile; fileRef = E965C2E71C15720B00BED2A9 /* file_1.c */; };
		E965C2EA1C15740200BED2A9 /* file_2.c in Sources */ = {isa = PBXBuildFile; fileRef = E965C2E91C15740200BED2A9 /* file_2.c */; };
		E965C2EC1C1581E400BED2A9 /* global_static_variable.c in Sources */ = {isa = PBXBuildFile; fileRef = E965C2EB1C1581E400BED2A9 /* global_static_variable.c */; };
		E965C2EE1C158CA600BED2A9 /* function_pointer.c in Sources */ = {isa = PBXBuildFile; fileRef = E965C2ED1C158CA600BED2A9 /* function_pointer.c */; };
/* End PBXBuildFile section */

/* Begin PBXCopyFilesBuildPhase section */
		E965C2D31C1514C300BED2A9 /* CopyFiles */ = {
			isa = PBXCopyFilesBuildPhase;
			buildActionMask = 2147483647;
			dstPath = /usr/share/man/man1/;
			dstSubfolderSpec = 0;
			files = (
			);
			runOnlyForDeploymentPostprocessing = 1;
		};
/* End PBXCopyFilesBuildPhase section */

/* Begin PBXFileReference section */
		E216578E1C2E736D006DFDAF /* bus.c */ = {isa = PBXFileReference; fileEncoding = 4; lastKnownFileType = sourcecode.c.c; path = bus.c; sourceTree = "<group>"; };
		E21657911C2E86F6006DFDAF /* common.h */ = {isa = PBXFileReference; lastKnownFileType = sourcecode.c.h; path = common.h; sourceTree = "<group>"; };
		E21657921C2E88C8006DFDAF /* common.c */ = {isa = PBXFileReference; fileEncoding = 4; lastKnownFileType = sourcecode.c.c; path = common.c; sourceTree = "<group>"; };
		E218BFAA1C2FFE510091C5F8 /* chuoi_doi_xung.c */ = {isa = PBXFileReference; fileEncoding = 4; lastKnownFileType = sourcecode.c.c; path = chuoi_doi_xung.c; sourceTree = "<group>"; };
		E22038421C1F08BB00F720F7 /* vidu1.c */ = {isa = PBXFileReference; fileEncoding = 4; lastKnownFileType = sourcecode.c.c; path = vidu1.c; sourceTree = "<group>"; };
		E22038441C1F08CC00F720F7 /* vidu2.c */ = {isa = PBXFileReference; fileEncoding = 4; lastKnownFileType = sourcecode.c.c; path = vidu2.c; sourceTree = "<group>"; };
		E233D1FE1C2DA28700E53D28 /* tree.c */ = {isa = PBXFileReference; fileEncoding = 4; lastKnownFileType = sourcecode.c.c; path = tree.c; sourceTree = "<group>"; };
		E233D1FF1C2DA28700E53D28 /* tree.h */ = {isa = PBXFileReference; fileEncoding = 4; lastKnownFileType = sourcecode.c.h; path = tree.h; sourceTree = "<group>"; };
		E233D2011C2DAA5C00E53D28 /* tree_example.c */ = {isa = PBXFileReference; fileEncoding = 4; lastKnownFileType = sourcecode.c.c; path = tree_example.c; sourceTree = "<group>"; };
		E233D2061C2DB55100E53D28 /* file.c */ = {isa = PBXFileReference; fileEncoding = 4; lastKnownFileType = sourcecode.c.c; path = file.c; sourceTree = "<group>"; };
		E233D2071C2DB55100E53D28 /* file.h */ = {isa = PBXFileReference; fileEncoding = 4; lastKnownFileType = sourcecode.c.h; path = file.h; sourceTree = "<group>"; };
		E233D2091C2DBFC400E53D28 /* file_example.c */ = {isa = PBXFileReference; fileEncoding = 4; lastKnownFileType = sourcecode.c.c; path = file_example.c; sourceTree = "<group>"; };
		E965C2D51C1514C300BED2A9 /* C */ = {isa = PBXFileReference; explicitFileType = "compiled.mach-o.executable"; includeInIndex = 0; path = C; sourceTree = BUILT_PRODUCTS_DIR; };
		E965C2E01C152EBE00BED2A9 /* 2-demensional-array.c */ = {isa = PBXFileReference; fileEncoding = 4; lastKnownFileType = sourcecode.c.c; path = "2-demensional-array.c"; sourceTree = "<group>"; };
		E965C2E21C1556A100BED2A9 /* n-demensional-array.c */ = {isa = PBXFileReference; fileEncoding = 4; lastKnownFileType = sourcecode.c.c; path = "n-demensional-array.c"; sourceTree = "<group>"; };
		E965C2E61C1571E600BED2A9 /* file_1.h */ = {isa = PBXFileReference; lastKnownFileType = sourcecode.c.h; path = file_1.h; sourceTree = "<group>"; };
		E965C2E71C15720B00BED2A9 /* file_1.c */ = {isa = PBXFileReference; fileEncoding = 4; lastKnownFileType = sourcecode.c.c; path = file_1.c; sourceTree = "<group>"; };
		E965C2E91C15740200BED2A9 /* file_2.c */ = {isa = PBXFileReference; fileEncoding = 4; lastKnownFileType = sourcecode.c.c; path = file_2.c; sourceTree = "<group>"; };
		E965C2EB1C1581E400BED2A9 /* global_static_variable.c */ = {isa = PBXFileReference; fileEncoding = 4; lastKnownFileType = sourcecode.c.c; path = global_static_variable.c; sourceTree = "<group>"; };
		E965C2ED1C158CA600BED2A9 /* function_pointer.c */ = {isa = PBXFileReference; fileEncoding = 4; lastKnownFileType = sourcecode.c.c; path = function_pointer.c; sourceTree = "<group>"; };
/* End PBXFileReference section */

/* Begin PBXFrameworksBuildPhase section */
		E965C2D21C1514C300BED2A9 /* Frameworks */ = {
			isa = PBXFrameworksBuildPhase;
			buildActionMask = 2147483647;
			files = (
			);
			runOnlyForDeploymentPostprocessing = 0;
		};
/* End PBXFrameworksBuildPhase section */

/* Begin PBXGroup section */
		E216578C1C2E734D006DFDAF /* exercise */ = {
			isa = PBXGroup;
			children = (
				E218BFA91C2FFE3C0091C5F8 /* chuoi_doi_xung */,
				E216578D1C2E7357006DFDAF /* bus */,
			);
			name = exercise;
			sourceTree = "<group>";
		};
		E216578D1C2E7357006DFDAF /* bus */ = {
			isa = PBXGroup;
			children = (
				E216578E1C2E736D006DFDAF /* bus.c */,
			);
			name = bus;
			sourceTree = "<group>";
		};
		E21657901C2E86E2006DFDAF /* common */ = {
			isa = PBXGroup;
			children = (
				E21657911C2E86F6006DFDAF /* common.h */,
				E21657921C2E88C8006DFDAF /* common.c */,
			);
			name = common;
			sourceTree = "<group>";
		};
		E218BFA91C2FFE3C0091C5F8 /* chuoi_doi_xung */ = {
			isa = PBXGroup;
			children = (
				E218BFAA1C2FFE510091C5F8 /* chuoi_doi_xung.c */,
			);
			name = chuoi_doi_xung;
			sourceTree = "<group>";
		};
		E220383C1C1F018500F720F7 /* extern_example */ = {
			isa = PBXGroup;
			children = (
				E22038421C1F08BB00F720F7 /* vidu1.c */,
				E22038441C1F08CC00F720F7 /* vidu2.c */,
			);
			name = extern_example;
			sourceTree = "<group>";
		};
		E233D1FA1C2D9EA700E53D28 /* spoj */ = {
			isa = PBXGroup;
			children = (
				E216578C1C2E734D006DFDAF /* exercise */,
				E233D2031C2DB40900E53D28 /* library */,
			);
			name = spoj;
			sourceTree = "<group>";
		};
		E233D2031C2DB40900E53D28 /* library */ = {
			isa = PBXGroup;
			children = (
				E21657901C2E86E2006DFDAF /* common */,
				E233D2051C2DB4DD00E53D28 /* file */,
				E233D2041C2DB41100E53D28 /* tree */,
			);
			name = library;
			sourceTree = "<group>";
		};
		E233D2041C2DB41100E53D28 /* tree */ = {
			isa = PBXGroup;
			children = (
				E233D2011C2DAA5C00E53D28 /* tree_example.c */,
				E233D1FF1C2DA28700E53D28 /* tree.h */,
				E233D1FE1C2DA28700E53D28 /* tree.c */,
			);
			name = tree;
			sourceTree = "<group>";
		};
		E233D2051C2DB4DD00E53D28 /* file */ = {
			isa = PBXGroup;
			children = (
				E233D2061C2DB55100E53D28 /* file.c */,
				E233D2071C2DB55100E53D28 /* file.h */,
				E233D2091C2DBFC400E53D28 /* file_example.c */,
			);
			name = file;
			sourceTree = "<group>";
		};
		E965C2CC1C1514C300BED2A9 = {
			isa = PBXGroup;
			children = (
				E965C2D71C1514C300BED2A9 /* C */,
				E965C2D61C1514C300BED2A9 /* Products */,
			);
			sourceTree = "<group>";
		};
		E965C2D61C1514C300BED2A9 /* Products */ = {
			isa = PBXGroup;
			children = (
				E965C2D51C1514C300BED2A9 /* C */,
			);
			name = Products;
			sourceTree = "<group>";
		};
		E965C2D71C1514C300BED2A9 /* C */ = {
			isa = PBXGroup;
			children = (
				E233D1FA1C2D9EA700E53D28 /* spoj */,
				E965C2DF1C15161D00BED2A9 /* examples */,
			);
			path = C;
			sourceTree = "<group>";
		};
		E965C2DF1C15161D00BED2A9 /* examples */ = {
			isa = PBXGroup;
			children = (
				E220383C1C1F018500F720F7 /* extern_example */,
				E965C2E91C15740200BED2A9 /* file_2.c */,
				E965C2E71C15720B00BED2A9 /* file_1.c */,
				E965C2E61C1571E600BED2A9 /* file_1.h */,
				E965C2E01C152EBE00BED2A9 /* 2-demensional-array.c */,
				E965C2E21C1556A100BED2A9 /* n-demensional-array.c */,
				E965C2EB1C1581E400BED2A9 /* global_static_variable.c */,
				E965C2ED1C158CA600BED2A9 /* function_pointer.c */,
			);
			name = examples;
			sourceTree = "<group>";
		};
/* End PBXGroup section */

/* Begin PBXNativeTarget section */
		E965C2D41C1514C300BED2A9 /* C */ = {
			isa = PBXNativeTarget;
			buildConfigurationList = E965C2DC1C1514C300BED2A9 /* Build configuration list for PBXNativeTarget "C" */;
			buildPhases = (
				E965C2D11C1514C300BED2A9 /* Sources */,
				E965C2D21C1514C300BED2A9 /* Frameworks */,
				E965C2D31C1514C300BED2A9 /* CopyFiles */,
			);
			buildRules = (
			);
			dependencies = (
			);
			name = C;
			productName = C;
			productReference = E965C2D51C1514C300BED2A9 /* C */;
			productType = "com.apple.product-type.tool";
		};
/* End PBXNativeTarget section */

/* Begin PBXProject section */
		E965C2CD1C1514C300BED2A9 /* Project object */ = {
			isa = PBXProject;
			attributes = {
				LastUpgradeCheck = 0710;
				ORGANIZATIONNAME = "nguyen-trung-quan";
				TargetAttributes = {
					E965C2D41C1514C300BED2A9 = {
						CreatedOnToolsVersion = 7.1.1;
					};
				};
			};
			buildConfigurationList = E965C2D01C1514C300BED2A9 /* Build configuration list for PBXProject "C" */;
			compatibilityVersion = "Xcode 3.2";
			developmentRegion = English;
			hasScannedForEncodings = 0;
			knownRegions = (
				en,
			);
			mainGroup = E965C2CC1C1514C300BED2A9;
			productRefGroup = E965C2D61C1514C300BED2A9 /* Products */;
			projectDirPath = "";
			projectRoot = "";
			targets = (
				E965C2D41C1514C300BED2A9 /* C */,
			);
		};
/* End PBXProject section */

/* Begin PBXSourcesBuildPhase section */
		E965C2D11C1514C300BED2A9 /* Sources */ = {
			isa = PBXSourcesBuildPhase;
			buildActionMask = 2147483647;
			files = (
				E233D2021C2DAA5C00E53D28 /* tree_example.c in Sources */,
				E216578F1C2E736D006DFDAF /* bus.c in Sources */,
				E22038451C1F08CC00F720F7 /* vidu2.c in Sources */,
				E965C2EA1C15740200BED2A9 /* file_2.c in Sources */,
				E22038431C1F08BB00F720F7 /* vidu1.c in Sources */,
				E218BFAB1C2FFE510091C5F8 /* chuoi_doi_xung.c in Sources */,
				E965C2E31C1556A100BED2A9 /* n-demensional-array.c in Sources */,
				E233D2001C2DA28700E53D28 /* tree.c in Sources */,
				E965C2E81C15720B00BED2A9 /* file_1.c in Sources */,
				E21657931C2E88C8006DFDAF /* common.c in Sources */,
				E965C2EE1C158CA600BED2A9 /* function_pointer.c in Sources */,
				E965C2E11C152EBE00BED2A9 /* 2-demensional-array.c in Sources */,
				E233D2081C2DB55100E53D28 /* file.c in Sources */,
				E233D20A1C2DBFC400E53D28 /* file_example.c in Sources */,
				E965C2EC1C1581E400BED2A9 /* global_static_variable.c in Sources */,
			);
			runOnlyForDeploymentPostprocessing = 0;
		};
/* End PBXSourcesBuildPhase section */

/* Begin XCBuildConfiguration section */
		E965C2DA1C1514C300BED2A9 /* Debug */ = {
			isa = XCBuildConfiguration;
			buildSettings = {
				ALWAYS_SEARCH_USER_PATHS = NO;
				CLANG_CXX_LANGUAGE_STANDARD = "gnu++0x";
				CLANG_CXX_LIBRARY = "libc++";
				CLANG_ENABLE_MODULES = YES;
				CLANG_ENABLE_OBJC_ARC = YES;
				CLANG_WARN_BOOL_CONVERSION = YES;
				CLANG_WARN_CONSTANT_CONVERSION = YES;
				CLANG_WARN_DIRECT_OBJC_ISA_USAGE = YES_ERROR;
				CLANG_WARN_EMPTY_BODY = YES;
				CLANG_WARN_ENUM_CONVERSION = YES;
				CLANG_WARN_INT_CONVERSION = YES;
				CLANG_WARN_OBJC_ROOT_CLASS = YES_ERROR;
				CLANG_WARN_UNREACHABLE_CODE = YES;
				CLANG_WARN__DUPLICATE_METHOD_MATCH = YES;
				CODE_SIGN_IDENTITY = "-";
				COPY_PHASE_STRIP = NO;
				DEBUG_INFORMATION_FORMAT = dwarf;
				ENABLE_STRICT_OBJC_MSGSEND = YES;
				ENABLE_TESTABILITY = YES;
				GCC_C_LANGUAGE_STANDARD = gnu99;
				GCC_DYNAMIC_NO_PIC = NO;
				GCC_NO_COMMON_BLOCKS = YES;
				GCC_OPTIMIZATION_LEVEL = 0;
				GCC_PREPROCESSOR_DEFINITIONS = (
					"DEBUG=1",
					"$(inherited)",
				);
				GCC_WARN_64_TO_32_BIT_CONVERSION = YES;
				GCC_WARN_ABOUT_RETURN_TYPE = YES_ERROR;
				GCC_WARN_UNDECLARED_SELECTOR = YES;
				GCC_WARN_UNINITIALIZED_AUTOS = YES_AGGRESSIVE;
				GCC_WARN_UNUSED_FUNCTION = YES;
				GCC_WARN_UNUSED_VARIABLE = YES;
				MACOSX_DEPLOYMENT_TARGET = 10.10;
				MTL_ENABLE_DEBUG_INFO = YES;
				ONLY_ACTIVE_ARCH = YES;
				SDKROOT = macosx;
			};
			name = Debug;
		};
		E965C2DB1C1514C300BED2A9 /* Release */ = {
			isa = XCBuildConfiguration;
			buildSettings = {
				ALWAYS_SEARCH_USER_PATHS = NO;
				CLANG_CXX_LANGUAGE_STANDARD = "gnu++0x";
				CLANG_CXX_LIBRARY = "libc++";
				CLANG_ENABLE_MODULES = YES;
				CLANG_ENABLE_OBJC_ARC = YES;
				CLANG_WARN_BOOL_CONVERSION = YES;
				CLANG_WARN_CONSTANT_CONVERSION = YES;
				CLANG_WARN_DIRECT_OBJC_ISA_USAGE = YES_ERROR;
				CLANG_WARN_EMPTY_BODY = YES;
				CLANG_WARN_ENUM_CONVERSION = YES;
				CLANG_WARN_INT_CONVERSION = YES;
				CLANG_WARN_OBJC_ROOT_CLASS = YES_ERROR;
				CLANG_WARN_UNREACHABLE_CODE = YES;
				CLANG_WARN__DUPLICATE_METHOD_MATCH = YES;
				CODE_SIGN_IDENTITY = "-";
				COPY_PHASE_STRIP = NO;
				DEBUG_INFORMATION_FORMAT = "dwarf-with-dsym";
				ENABLE_NS_ASSERTIONS = NO;
				ENABLE_STRICT_OBJC_MSGSEND = YES;
				GCC_C_LANGUAGE_STANDARD = gnu99;
				GCC_NO_COMMON_BLOCKS = YES;
				GCC_WARN_64_TO_32_BIT_CONVERSION = YES;
				GCC_WARN_ABOUT_RETURN_TYPE = YES_ERROR;
				GCC_WARN_UNDECLARED_SELECTOR = YES;
				GCC_WARN_UNINITIALIZED_AUTOS = YES_AGGRESSIVE;
				GCC_WARN_UNUSED_FUNCTION = YES;
				GCC_WARN_UNUSED_VARIABLE = YES;
				MACOSX_DEPLOYMENT_TARGET = 10.10;
				MTL_ENABLE_DEBUG_INFO = NO;
				SDKROOT = macosx;
			};
			name = Release;
		};
		E965C2DD1C1514C300BED2A9 /* Debug */ = {
			isa = XCBuildConfiguration;
			buildSettings = {
				PRODUCT_NAME = "$(TARGET_NAME)";
			};
			name = Debug;
		};
		E965C2DE1C1514C300BED2A9 /* Release */ = {
			isa = XCBuildConfiguration;
			buildSettings = {
				PRODUCT_NAME = "$(TARGET_NAME)";
			};
			name = Release;
		};
/* End XCBuildConfiguration section */

/* Begin XCConfigurationList section */
		E965C2D01C1514C300BED2A9 /* Build configuration list for PBXProject "C" */ = {
			isa = XCConfigurationList;
			buildConfigurations = (
				E965C2DA1C1514C300BED2A9 /* Debug */,
				E965C2DB1C1514C300BED2A9 /* Release */,
			);
			defaultConfigurationIsVisible = 0;
			defaultConfigurationName = Release;
		};
		E965C2DC1C1514C300BED2A9 /* Build configuration list for PBXNativeTarget "C" */ = {
			isa = XCConfigurationList;
			buildConfigurations = (
				E965C2DD1C1514C300BED2A9 /* Debug */,
				E965C2DE1C1514C300BED2A9 /* Release */,
			);
			defaultConfigurationIsVisible = 0;
			defaultConfigurationName = Release;
		};
/* End XCConfigurationList section */
	};
	rootObject = E965C2CD1C1514C300BED2A9 /* Project object */;
}
